
Microsoft Visual Studio Solution File, Format Version 12.00
# Visual Studio Version 17
VisualStudioVersion = 17.0.31903.59
MinimumVisualStudioVersion = 10.0.40219.1
Project("{FAE04EC0-301F-11D3-BF4B-00C04F79EFBC}") = "NuvoWorkout", "NuvoWorkoutPersistance\NuvoWorkoutPersistance.csproj", "{75B9C5FB-D973-4199-96A4-FA31B2549FF9}"
EndProject
Project("{FAE04EC0-301F-11D3-BF4B-00C04F79EFBC}") = "NuvoWorkoutDbHelper", "NuvoWorkoutDbHelper\NuvoWorkoutDbHelper.csproj", "{C55A8939-71F5-4F33-AB83-E255CF0E12D6}"
EndProject
Global
	GlobalSection(SolutionConfigurationPlatforms) = preSolution
		Debug|Any CPU = Debug|Any CPU
		Release|Any CPU = Release|Any CPU
	EndGlobalSection
	GlobalSection(SolutionProperties) = preSolution
		HideSolutionNode = FALSE
	EndGlobalSection
	GlobalSection(ProjectConfigurationPlatforms) = postSolution
		{75B9C5FB-D973-4199-96A4-FA31B2549FF9}.Debug|Any CPU.ActiveCfg = Debug|Any CPU
		{75B9C5FB-D973-4199-96A4-FA31B2549FF9}.Debug|Any CPU.Build.0 = Debug|Any CPU
		{75B9C5FB-D973-4199-96A4-FA31B2549FF9}.Release|Any CPU.ActiveCfg = Release|Any CPU
		{75B9C5FB-D973-4199-96A4-FA31B2549FF9}.Release|Any CPU.Build.0 = Release|Any CPU
		{C55A8939-71F5-4F33-AB83-E255CF0E12D6}.Debug|Any CPU.ActiveCfg = Debug|Any CPU
		{C55A8939-71F5-4F33-AB83-E255CF0E12D6}.Debug|Any CPU.Build.0 = Debug|Any CPU
		{C55A8939-71F5-4F33-AB83-E255CF0E12D6}.Release|Any CPU.ActiveCfg = Release|Any CPU
		{C55A8939-71F5-4F33-AB83-E255CF0E12D6}.Release|Any CPU.Build.0 = Release|Any CPU
	EndGlobalSection
EndGlobal
